
Microsoft Visual Studio Solution File, Format Version 12.00
# Visual Studio Version 17
VisualStudioVersion = 17.5.002.0
MinimumVisualStudioVersion = 10.0.40219.1
Project("{9A19103F-16F7-4668-BE54-9A1E7A4F7556}") = "Lab21", "Lab21.csproj", "{8AF29F17-8684-4EFF-85EC-79C2E6C08F2D}"
EndProject
Global
	GlobalSection(SolutionConfigurationPlatforms) = preSolution
		Debug|Any CPU = Debug|Any CPU
		Release|Any CPU = Release|Any CPU
	EndGlobalSection
	GlobalSection(ProjectConfigurationPlatforms) = postSolution
		{8AF29F17-8684-4EFF-85EC-79C2E6C08F2D}.Debug|Any CPU.ActiveCfg = Debug|Any CPU
		{8AF29F17-8684-4EFF-85EC-79C2E6C08F2D}.Debug|Any CPU.Build.0 = Debug|Any CPU
		{8AF29F17-8684-4EFF-85EC-79C2E6C08F2D}.Release|Any CPU.ActiveCfg = Release|Any CPU
		{8AF29F17-8684-4EFF-85EC-79C2E6C08F2D}.Release|Any CPU.Build.0 = Release|Any CPU
	EndGlobalSection
	GlobalSection(SolutionProperties) = preSolution
		HideSolutionNode = FALSE
	EndGlobalSection
	GlobalSection(ExtensibilityGlobals) = postSolution
		SolutionGuid = {320F1CB0-D55B-4B5E-A491-B8F595BFD8E2}
	EndGlobalSection
EndGlobal
